
Microsoft Visual Studio Solution File, Format Version 12.00
# Visual Studio Version 17
VisualStudioVersion = 17.4.33213.308
MinimumVisualStudioVersion = 10.0.40219.1
Project("{FAE04EC0-301F-11D3-BF4B-00C04F79EFBC}") = "DataPassingToView", "DataPassingToView\DataPassingToView.csproj", "{2DFB38B6-7394-4848-B4B6-77BA5B1AD35B}"
EndProject
Global
	GlobalSection(SolutionConfigurationPlatforms) = preSolution
		Debug|Any CPU = Debug|Any CPU
		Release|Any CPU = Release|Any CPU
	EndGlobalSection
	GlobalSection(ProjectConfigurationPlatforms) = postSolution
		{2DFB38B6-7394-4848-B4B6-77BA5B1AD35B}.Debug|Any CPU.ActiveCfg = Debug|Any CPU
		{2DFB38B6-7394-4848-B4B6-77BA5B1AD35B}.Debug|Any CPU.Build.0 = Debug|Any CPU
		{2DFB38B6-7394-4848-B4B6-77BA5B1AD35B}.Release|Any CPU.ActiveCfg = Release|Any CPU
		{2DFB38B6-7394-4848-B4B6-77BA5B1AD35B}.Release|Any CPU.Build.0 = Release|Any CPU
	EndGlobalSection
	GlobalSection(SolutionProperties) = preSolution
		HideSolutionNode = FALSE
	EndGlobalSection
	GlobalSection(ExtensibilityGlobals) = postSolution
		SolutionGuid = {7790DD79-82B0-4FCE-AC6C-9C5C5C5CE5AE}
	EndGlobalSection
EndGlobal
