
Microsoft Visual Studio Solution File, Format Version 12.00
# Visual Studio Version 17
VisualStudioVersion = 17.4.33213.308
MinimumVisualStudioVersion = 10.0.40219.1
Project("{FAE04EC0-301F-11D3-BF4B-00C04F79EFBC}") = "DbFirst", "DbFirst\DbFirst.csproj", "{164FCEE5-3A59-42C8-AAE9-EFEFB5C21D62}"
EndProject
Global
	GlobalSection(SolutionConfigurationPlatforms) = preSolution
		Debug|Any CPU = Debug|Any CPU
		Release|Any CPU = Release|Any CPU
	EndGlobalSection
	GlobalSection(ProjectConfigurationPlatforms) = postSolution
		{164FCEE5-3A59-42C8-AAE9-EFEFB5C21D62}.Debug|Any CPU.ActiveCfg = Debug|Any CPU
		{164FCEE5-3A59-42C8-AAE9-EFEFB5C21D62}.Debug|Any CPU.Build.0 = Debug|Any CPU
		{164FCEE5-3A59-42C8-AAE9-EFEFB5C21D62}.Release|Any CPU.ActiveCfg = Release|Any CPU
		{164FCEE5-3A59-42C8-AAE9-EFEFB5C21D62}.Release|Any CPU.Build.0 = Release|Any CPU
	EndGlobalSection
	GlobalSection(SolutionProperties) = preSolution
		HideSolutionNode = FALSE
	EndGlobalSection
	GlobalSection(ExtensibilityGlobals) = postSolution
		SolutionGuid = {E4D58BF9-D380-483C-BA14-96D821AC1133}
	EndGlobalSection
EndGlobal
