
Microsoft Visual Studio Solution File, Format Version 12.00
# Visual Studio Version 17
VisualStudioVersion = 17.4.33213.308
MinimumVisualStudioVersion = 10.0.40219.1
Project("{FAE04EC0-301F-11D3-BF4B-00C04F79EFBC}") = "PostComment", "PostComment\PostComment.csproj", "{2C4D9D7C-AE85-4CBC-9169-B17E91099358}"
EndProject
Project("{FAE04EC0-301F-11D3-BF4B-00C04F79EFBC}") = "DAL", "DAL\DAL.csproj", "{8FC2A674-E188-4944-A385-CC2160C8F8F8}"
EndProject
Project("{FAE04EC0-301F-11D3-BF4B-00C04F79EFBC}") = "BLL", "BLL\BLL.csproj", "{1BFA06AC-C51F-4AE2-9E91-36467365BA49}"
EndProject
Global
	GlobalSection(SolutionConfigurationPlatforms) = preSolution
		Debug|Any CPU = Debug|Any CPU
		Release|Any CPU = Release|Any CPU
	EndGlobalSection
	GlobalSection(ProjectConfigurationPlatforms) = postSolution
		{2C4D9D7C-AE85-4CBC-9169-B17E91099358}.Debug|Any CPU.ActiveCfg = Debug|Any CPU
		{2C4D9D7C-AE85-4CBC-9169-B17E91099358}.Debug|Any CPU.Build.0 = Debug|Any CPU
		{2C4D9D7C-AE85-4CBC-9169-B17E91099358}.Release|Any CPU.ActiveCfg = Release|Any CPU
		{2C4D9D7C-AE85-4CBC-9169-B17E91099358}.Release|Any CPU.Build.0 = Release|Any CPU
		{8FC2A674-E188-4944-A385-CC2160C8F8F8}.Debug|Any CPU.ActiveCfg = Debug|Any CPU
		{8FC2A674-E188-4944-A385-CC2160C8F8F8}.Debug|Any CPU.Build.0 = Debug|Any CPU
		{8FC2A674-E188-4944-A385-CC2160C8F8F8}.Release|Any CPU.ActiveCfg = Release|Any CPU
		{8FC2A674-E188-4944-A385-CC2160C8F8F8}.Release|Any CPU.Build.0 = Release|Any CPU
		{1BFA06AC-C51F-4AE2-9E91-36467365BA49}.Debug|Any CPU.ActiveCfg = Debug|Any CPU
		{1BFA06AC-C51F-4AE2-9E91-36467365BA49}.Debug|Any CPU.Build.0 = Debug|Any CPU
		{1BFA06AC-C51F-4AE2-9E91-36467365BA49}.Release|Any CPU.ActiveCfg = Release|Any CPU
		{1BFA06AC-C51F-4AE2-9E91-36467365BA49}.Release|Any CPU.Build.0 = Release|Any CPU
	EndGlobalSection
	GlobalSection(SolutionProperties) = preSolution
		HideSolutionNode = FALSE
	EndGlobalSection
	GlobalSection(ExtensibilityGlobals) = postSolution
		SolutionGuid = {E8C74DCA-EC49-4BF1-B528-A38B2C7C8089}
	EndGlobalSection
EndGlobal
