
Microsoft Visual Studio Solution File, Format Version 12.00
# Visual Studio Version 17
VisualStudioVersion = 17.4.33213.308
MinimumVisualStudioVersion = 10.0.40219.1
Project("{FAE04EC0-301F-11D3-BF4B-00C04F79EFBC}") = "IntroTierApp", "IntroTierApp\IntroTierApp.csproj", "{8BE6FF4E-5DBF-431A-8FF9-52BF6B23278F}"
EndProject
Project("{FAE04EC0-301F-11D3-BF4B-00C04F79EFBC}") = "BLL", "BLL\BLL.csproj", "{F5446AE9-5B4C-47FB-8690-E3E40189E525}"
EndProject
Project("{FAE04EC0-301F-11D3-BF4B-00C04F79EFBC}") = "DAL", "DAL\DAL.csproj", "{556CBBC2-4A4B-4EE2-A91E-E2A7E7FCCDF5}"
EndProject
Global
	GlobalSection(SolutionConfigurationPlatforms) = preSolution
		Debug|Any CPU = Debug|Any CPU
		Release|Any CPU = Release|Any CPU
	EndGlobalSection
	GlobalSection(ProjectConfigurationPlatforms) = postSolution
		{8BE6FF4E-5DBF-431A-8FF9-52BF6B23278F}.Debug|Any CPU.ActiveCfg = Debug|Any CPU
		{8BE6FF4E-5DBF-431A-8FF9-52BF6B23278F}.Debug|Any CPU.Build.0 = Debug|Any CPU
		{8BE6FF4E-5DBF-431A-8FF9-52BF6B23278F}.Release|Any CPU.ActiveCfg = Release|Any CPU
		{8BE6FF4E-5DBF-431A-8FF9-52BF6B23278F}.Release|Any CPU.Build.0 = Release|Any CPU
		{F5446AE9-5B4C-47FB-8690-E3E40189E525}.Debug|Any CPU.ActiveCfg = Debug|Any CPU
		{F5446AE9-5B4C-47FB-8690-E3E40189E525}.Debug|Any CPU.Build.0 = Debug|Any CPU
		{F5446AE9-5B4C-47FB-8690-E3E40189E525}.Release|Any CPU.ActiveCfg = Release|Any CPU
		{F5446AE9-5B4C-47FB-8690-E3E40189E525}.Release|Any CPU.Build.0 = Release|Any CPU
		{556CBBC2-4A4B-4EE2-A91E-E2A7E7FCCDF5}.Debug|Any CPU.ActiveCfg = Debug|Any CPU
		{556CBBC2-4A4B-4EE2-A91E-E2A7E7FCCDF5}.Debug|Any CPU.Build.0 = Debug|Any CPU
		{556CBBC2-4A4B-4EE2-A91E-E2A7E7FCCDF5}.Release|Any CPU.ActiveCfg = Release|Any CPU
		{556CBBC2-4A4B-4EE2-A91E-E2A7E7FCCDF5}.Release|Any CPU.Build.0 = Release|Any CPU
	EndGlobalSection
	GlobalSection(SolutionProperties) = preSolution
		HideSolutionNode = FALSE
	EndGlobalSection
	GlobalSection(ExtensibilityGlobals) = postSolution
		SolutionGuid = {5F5A4849-F1D1-45FD-B592-9FA111B5AA60}
	EndGlobalSection
EndGlobal
