
Microsoft Visual Studio Solution File, Format Version 12.00
# Visual Studio Version 17
VisualStudioVersion = 17.4.33213.308
MinimumVisualStudioVersion = 10.0.40219.1
Project("{FAE04EC0-301F-11D3-BF4B-00C04F79EFBC}") = "EFCodeFirst", "EFCodeFirst\EFCodeFirst.csproj", "{334D8C47-B29E-4677-9439-E4F3362B1601}"
EndProject
Project("{FAE04EC0-301F-11D3-BF4B-00C04F79EFBC}") = "ZooApp_Models", "ZooApp_Models\ZooApp_Models.csproj", "{1777B896-D743-46B8-8C3A-8433AECAFEE0}"
EndProject
Global
	GlobalSection(SolutionConfigurationPlatforms) = preSolution
		Debug|Any CPU = Debug|Any CPU
		Release|Any CPU = Release|Any CPU
	EndGlobalSection
	GlobalSection(ProjectConfigurationPlatforms) = postSolution
		{334D8C47-B29E-4677-9439-E4F3362B1601}.Debug|Any CPU.ActiveCfg = Debug|Any CPU
		{334D8C47-B29E-4677-9439-E4F3362B1601}.Debug|Any CPU.Build.0 = Debug|Any CPU
		{334D8C47-B29E-4677-9439-E4F3362B1601}.Release|Any CPU.ActiveCfg = Release|Any CPU
		{334D8C47-B29E-4677-9439-E4F3362B1601}.Release|Any CPU.Build.0 = Release|Any CPU
		{1777B896-D743-46B8-8C3A-8433AECAFEE0}.Debug|Any CPU.ActiveCfg = Debug|Any CPU
		{1777B896-D743-46B8-8C3A-8433AECAFEE0}.Debug|Any CPU.Build.0 = Debug|Any CPU
		{1777B896-D743-46B8-8C3A-8433AECAFEE0}.Release|Any CPU.ActiveCfg = Release|Any CPU
		{1777B896-D743-46B8-8C3A-8433AECAFEE0}.Release|Any CPU.Build.0 = Release|Any CPU
	EndGlobalSection
	GlobalSection(SolutionProperties) = preSolution
		HideSolutionNode = FALSE
	EndGlobalSection
	GlobalSection(ExtensibilityGlobals) = postSolution
		SolutionGuid = {A90344E6-8169-4B60-8EBA-884340FA9DBB}
	EndGlobalSection
EndGlobal
